
Microsoft Visual Studio Solution File, Format Version 12.00
# Visual Studio Version 16
VisualStudioVersion = 16.0.30804.86
MinimumVisualStudioVersion = 10.0.40219.1
Project("{2150E333-8FDC-42A3-9474-1A3956D46DE8}") = "Services", "Services", "{67F064CE-C659-4DF9-80E9-985DFAE75912}"
EndProject
Project("{2150E333-8FDC-42A3-9474-1A3956D46DE8}") = "Catalog", "Catalog", "{A53B520C-2745-42E7-B5D8-7B931EDD3E8D}"
EndProject
Project("{9A19103F-16F7-4668-BE54-9A1E7A4F7556}") = "FreeCourse.Services.Catalog", "Services\Catalog\FreeCourse.Services.Catalog\FreeCourse.Services.Catalog.csproj", "{477E1FCE-5B0B-4FB2-86D6-8065B19C44A7}"
EndProject
Project("{2150E333-8FDC-42A3-9474-1A3956D46DE8}") = "Solution Items", "Solution Items", "{B7F90A72-BB58-4C17-96B8-6E73F2E87600}"
	ProjectSection(SolutionItems) = preProject
		Port.txt = Port.txt
	EndProjectSection
EndProject
Project("{2150E333-8FDC-42A3-9474-1A3956D46DE8}") = "Shared", "Shared", "{DC116CE6-EE93-453F-AD86-DAB2776C94C4}"
EndProject
Project("{9A19103F-16F7-4668-BE54-9A1E7A4F7556}") = "FreeCourse.Shared", "Shared\FreeCourse.Shared\FreeCourse.Shared.csproj", "{CF1CC0DA-D700-4070-8A66-35F08DEDF514}"
EndProject
Project("{2150E333-8FDC-42A3-9474-1A3956D46DE8}") = "IdentityServer", "IdentityServer", "{C1DD812B-6AAC-411E-BEE7-5D207F8729D1}"
EndProject
Project("{9A19103F-16F7-4668-BE54-9A1E7A4F7556}") = "FreeCourse.IdentityServer", "IdentityServer\FreeCourse.IdentityServer\FreeCourse.IdentityServer.csproj", "{930D20AC-E021-421A-857C-B7850B294F2E}"
EndProject
Project("{2150E333-8FDC-42A3-9474-1A3956D46DE8}") = "PhotoStock", "PhotoStock", "{11DA1DFA-219F-4D95-A3DC-53A9CDCA7FDE}"
EndProject
Project("{9A19103F-16F7-4668-BE54-9A1E7A4F7556}") = "FreeCourse.Services.PhotoStock", "Services\PhotoStock\FreeCourse.Services.PhotoStock\FreeCourse.Services.PhotoStock.csproj", "{048D5D8A-FA01-401E-B691-1062D95FDA6D}"
EndProject
Project("{2150E333-8FDC-42A3-9474-1A3956D46DE8}") = "Basket", "Basket", "{0B396DB5-2BE0-47FB-8F36-0F929EE84F06}"
EndProject
Project("{9A19103F-16F7-4668-BE54-9A1E7A4F7556}") = "FreeCourse.Services.Basket", "Services\Basket\FreeCourse.Services.Basket\FreeCourse.Services.Basket.csproj", "{15F3B471-3168-4260-865C-2A39419A68D0}"
EndProject
Project("{2150E333-8FDC-42A3-9474-1A3956D46DE8}") = "Discount", "Discount", "{82B907E5-3695-4D75-9D41-24D6DB867426}"
EndProject
Project("{FAE04EC0-301F-11D3-BF4B-00C04F79EFBC}") = "FreeCourse.Services.Discount", "Services\Discount\FreeCourse.Services.Discount\FreeCourse.Services.Discount.csproj", "{513F4D4D-B083-4BA0-975B-67C1741ACBB7}"
EndProject
Global
	GlobalSection(SolutionConfigurationPlatforms) = preSolution
		Debug|Any CPU = Debug|Any CPU
		Release|Any CPU = Release|Any CPU
	EndGlobalSection
	GlobalSection(ProjectConfigurationPlatforms) = postSolution
		{477E1FCE-5B0B-4FB2-86D6-8065B19C44A7}.Debug|Any CPU.ActiveCfg = Debug|Any CPU
		{477E1FCE-5B0B-4FB2-86D6-8065B19C44A7}.Debug|Any CPU.Build.0 = Debug|Any CPU
		{477E1FCE-5B0B-4FB2-86D6-8065B19C44A7}.Release|Any CPU.ActiveCfg = Release|Any CPU
		{477E1FCE-5B0B-4FB2-86D6-8065B19C44A7}.Release|Any CPU.Build.0 = Release|Any CPU
		{CF1CC0DA-D700-4070-8A66-35F08DEDF514}.Debug|Any CPU.ActiveCfg = Debug|Any CPU
		{CF1CC0DA-D700-4070-8A66-35F08DEDF514}.Debug|Any CPU.Build.0 = Debug|Any CPU
		{CF1CC0DA-D700-4070-8A66-35F08DEDF514}.Release|Any CPU.ActiveCfg = Release|Any CPU
		{CF1CC0DA-D700-4070-8A66-35F08DEDF514}.Release|Any CPU.Build.0 = Release|Any CPU
		{930D20AC-E021-421A-857C-B7850B294F2E}.Debug|Any CPU.ActiveCfg = Debug|Any CPU
		{930D20AC-E021-421A-857C-B7850B294F2E}.Debug|Any CPU.Build.0 = Debug|Any CPU
		{930D20AC-E021-421A-857C-B7850B294F2E}.Release|Any CPU.ActiveCfg = Release|Any CPU
		{930D20AC-E021-421A-857C-B7850B294F2E}.Release|Any CPU.Build.0 = Release|Any CPU
		{048D5D8A-FA01-401E-B691-1062D95FDA6D}.Debug|Any CPU.ActiveCfg = Debug|Any CPU
		{048D5D8A-FA01-401E-B691-1062D95FDA6D}.Debug|Any CPU.Build.0 = Debug|Any CPU
		{048D5D8A-FA01-401E-B691-1062D95FDA6D}.Release|Any CPU.ActiveCfg = Release|Any CPU
		{048D5D8A-FA01-401E-B691-1062D95FDA6D}.Release|Any CPU.Build.0 = Release|Any CPU
		{15F3B471-3168-4260-865C-2A39419A68D0}.Debug|Any CPU.ActiveCfg = Debug|Any CPU
		{15F3B471-3168-4260-865C-2A39419A68D0}.Debug|Any CPU.Build.0 = Debug|Any CPU
		{15F3B471-3168-4260-865C-2A39419A68D0}.Release|Any CPU.ActiveCfg = Release|Any CPU
		{15F3B471-3168-4260-865C-2A39419A68D0}.Release|Any CPU.Build.0 = Release|Any CPU
		{513F4D4D-B083-4BA0-975B-67C1741ACBB7}.Debug|Any CPU.ActiveCfg = Debug|Any CPU
		{513F4D4D-B083-4BA0-975B-67C1741ACBB7}.Debug|Any CPU.Build.0 = Debug|Any CPU
		{513F4D4D-B083-4BA0-975B-67C1741ACBB7}.Release|Any CPU.ActiveCfg = Release|Any CPU
		{513F4D4D-B083-4BA0-975B-67C1741ACBB7}.Release|Any CPU.Build.0 = Release|Any CPU
	EndGlobalSection
	GlobalSection(SolutionProperties) = preSolution
		HideSolutionNode = FALSE
	EndGlobalSection
	GlobalSection(NestedProjects) = preSolution
		{A53B520C-2745-42E7-B5D8-7B931EDD3E8D} = {67F064CE-C659-4DF9-80E9-985DFAE75912}
		{477E1FCE-5B0B-4FB2-86D6-8065B19C44A7} = {A53B520C-2745-42E7-B5D8-7B931EDD3E8D}
		{CF1CC0DA-D700-4070-8A66-35F08DEDF514} = {DC116CE6-EE93-453F-AD86-DAB2776C94C4}
		{930D20AC-E021-421A-857C-B7850B294F2E} = {C1DD812B-6AAC-411E-BEE7-5D207F8729D1}
		{11DA1DFA-219F-4D95-A3DC-53A9CDCA7FDE} = {67F064CE-C659-4DF9-80E9-985DFAE75912}
		{048D5D8A-FA01-401E-B691-1062D95FDA6D} = {11DA1DFA-219F-4D95-A3DC-53A9CDCA7FDE}
		{0B396DB5-2BE0-47FB-8F36-0F929EE84F06} = {67F064CE-C659-4DF9-80E9-985DFAE75912}
		{15F3B471-3168-4260-865C-2A39419A68D0} = {0B396DB5-2BE0-47FB-8F36-0F929EE84F06}
		{82B907E5-3695-4D75-9D41-24D6DB867426} = {67F064CE-C659-4DF9-80E9-985DFAE75912}
		{513F4D4D-B083-4BA0-975B-67C1741ACBB7} = {82B907E5-3695-4D75-9D41-24D6DB867426}
	EndGlobalSection
	GlobalSection(ExtensibilityGlobals) = postSolution
		SolutionGuid = {DE5DACB9-08F4-4721-B11A-3F34235AE207}
	EndGlobalSection
EndGlobal
